
Microsoft Visual Studio Solution File, Format Version 12.00
# Visual Studio 15
VisualStudioVersion = 15.0.26430.6
MinimumVisualStudioVersion = 10.0.40219.1
Project("{FAE04EC0-301F-11D3-BF4B-00C04F79EFBC}") = "IdentityServer3Test", "IdentityServer3Test\IdentityServer3Test.csproj", "{FD8AAAAB-B3DD-428E-976C-2A928DBA3934}"
EndProject
Project("{FAE04EC0-301F-11D3-BF4B-00C04F79EFBC}") = "Api3", "Api3\Api3.csproj", "{D7A50101-957E-40EF-9A25-5111E088A65E}"
EndProject
Project("{FAE04EC0-301F-11D3-BF4B-00C04F79EFBC}") = "MvcNgClientWithWebApi", "MvcNgClientWithWebApi\MvcNgClientWithWebApi.csproj", "{03D0AEDF-ECCA-4BBA-B21E-20BC93A9AA97}"
EndProject
Project("{FAE04EC0-301F-11D3-BF4B-00C04F79EFBC}") = "Api3_DotNetFrameworkWebApi", "Api3_DotNetFrameworkWebApi\Api3_DotNetFrameworkWebApi.csproj", "{8AD29688-64CD-4E31-8413-00B0CF771B6C}"
EndProject
Global
	GlobalSection(SolutionConfigurationPlatforms) = preSolution
		Debug|Any CPU = Debug|Any CPU
		Release|Any CPU = Release|Any CPU
	EndGlobalSection
	GlobalSection(ProjectConfigurationPlatforms) = postSolution
		{FD8AAAAB-B3DD-428E-976C-2A928DBA3934}.Debug|Any CPU.ActiveCfg = Debug|Any CPU
		{FD8AAAAB-B3DD-428E-976C-2A928DBA3934}.Debug|Any CPU.Build.0 = Debug|Any CPU
		{FD8AAAAB-B3DD-428E-976C-2A928DBA3934}.Release|Any CPU.ActiveCfg = Release|Any CPU
		{FD8AAAAB-B3DD-428E-976C-2A928DBA3934}.Release|Any CPU.Build.0 = Release|Any CPU
		{D7A50101-957E-40EF-9A25-5111E088A65E}.Debug|Any CPU.ActiveCfg = Debug|Any CPU
		{D7A50101-957E-40EF-9A25-5111E088A65E}.Debug|Any CPU.Build.0 = Debug|Any CPU
		{D7A50101-957E-40EF-9A25-5111E088A65E}.Release|Any CPU.ActiveCfg = Release|Any CPU
		{D7A50101-957E-40EF-9A25-5111E088A65E}.Release|Any CPU.Build.0 = Release|Any CPU
		{03D0AEDF-ECCA-4BBA-B21E-20BC93A9AA97}.Debug|Any CPU.ActiveCfg = Debug|Any CPU
		{03D0AEDF-ECCA-4BBA-B21E-20BC93A9AA97}.Debug|Any CPU.Build.0 = Debug|Any CPU
		{03D0AEDF-ECCA-4BBA-B21E-20BC93A9AA97}.Release|Any CPU.ActiveCfg = Release|Any CPU
		{03D0AEDF-ECCA-4BBA-B21E-20BC93A9AA97}.Release|Any CPU.Build.0 = Release|Any CPU
		{8AD29688-64CD-4E31-8413-00B0CF771B6C}.Debug|Any CPU.ActiveCfg = Debug|Any CPU
		{8AD29688-64CD-4E31-8413-00B0CF771B6C}.Debug|Any CPU.Build.0 = Debug|Any CPU
		{8AD29688-64CD-4E31-8413-00B0CF771B6C}.Release|Any CPU.ActiveCfg = Release|Any CPU
		{8AD29688-64CD-4E31-8413-00B0CF771B6C}.Release|Any CPU.Build.0 = Release|Any CPU
	EndGlobalSection
	GlobalSection(SolutionProperties) = preSolution
		HideSolutionNode = FALSE
	EndGlobalSection
EndGlobal
