
Microsoft Visual Studio Solution File, Format Version 12.00
# Visual Studio 15
VisualStudioVersion = 15.0.26430.6
MinimumVisualStudioVersion = 10.0.40219.1
Project("{9A19103F-16F7-4668-BE54-9A1E7A4F7556}") = "IdentityServer4Test", "IdentityServer4Test\IdentityServer4Test.csproj", "{2184376D-D8F8-4519-8F18-19B285693682}"
EndProject
Project("{9A19103F-16F7-4668-BE54-9A1E7A4F7556}") = "JsOidc4", "JsOidc4\JsOidc4.csproj", "{06226B21-4D06-49B3-AAAF-F1EECC965D0B}"
EndProject
Global
	GlobalSection(SolutionConfigurationPlatforms) = preSolution
		Debug|Any CPU = Debug|Any CPU
		Release|Any CPU = Release|Any CPU
	EndGlobalSection
	GlobalSection(ProjectConfigurationPlatforms) = postSolution
		{2184376D-D8F8-4519-8F18-19B285693682}.Debug|Any CPU.ActiveCfg = Debug|Any CPU
		{2184376D-D8F8-4519-8F18-19B285693682}.Debug|Any CPU.Build.0 = Debug|Any CPU
		{2184376D-D8F8-4519-8F18-19B285693682}.Release|Any CPU.ActiveCfg = Release|Any CPU
		{2184376D-D8F8-4519-8F18-19B285693682}.Release|Any CPU.Build.0 = Release|Any CPU
		{06226B21-4D06-49B3-AAAF-F1EECC965D0B}.Debug|Any CPU.ActiveCfg = Debug|Any CPU
		{06226B21-4D06-49B3-AAAF-F1EECC965D0B}.Debug|Any CPU.Build.0 = Debug|Any CPU
		{06226B21-4D06-49B3-AAAF-F1EECC965D0B}.Release|Any CPU.ActiveCfg = Release|Any CPU
		{06226B21-4D06-49B3-AAAF-F1EECC965D0B}.Release|Any CPU.Build.0 = Release|Any CPU
	EndGlobalSection
	GlobalSection(SolutionProperties) = preSolution
		HideSolutionNode = FALSE
	EndGlobalSection
EndGlobal
